
Microsoft Visual Studio Solution File, Format Version 12.00
# Visual Studio Version 17
VisualStudioVersion = 17.3.32922.545
MinimumVisualStudioVersion = 10.0.40219.1
Project("{FAE04EC0-301F-11D3-BF4B-00C04F79EFBC}") = "BlazorSPABookStore", "BlazorSPABookStore\BlazorSPABookStore.csproj", "{1A04F058-A6EB-4511-97CA-32D04E393E15}"
EndProject
Global
	GlobalSection(SolutionConfigurationPlatforms) = preSolution
		Debug|Any CPU = Debug|Any CPU
		Release|Any CPU = Release|Any CPU
	EndGlobalSection
	GlobalSection(ProjectConfigurationPlatforms) = postSolution
		{1A04F058-A6EB-4511-97CA-32D04E393E15}.Debug|Any CPU.ActiveCfg = Debug|Any CPU
		{1A04F058-A6EB-4511-97CA-32D04E393E15}.Debug|Any CPU.Build.0 = Debug|Any CPU
		{1A04F058-A6EB-4511-97CA-32D04E393E15}.Release|Any CPU.ActiveCfg = Release|Any CPU
		{1A04F058-A6EB-4511-97CA-32D04E393E15}.Release|Any CPU.Build.0 = Release|Any CPU
	EndGlobalSection
	GlobalSection(SolutionProperties) = preSolution
		HideSolutionNode = FALSE
	EndGlobalSection
	GlobalSection(ExtensibilityGlobals) = postSolution
		SolutionGuid = {960E0FDE-6959-48B5-B748-4EFBB67154A6}
	EndGlobalSection
EndGlobal
